// !$*UTF8*$!
{
	archiveVersion = 1;
	classes = {
	};
	objectVersion = 55;
	objects = {

/* Begin PBXBuildFile section */
		5E831E62284D28200023B993 /* FruitsApp.swift in Sources */ = {isa = PBXBuildFile; fileRef = 5E831E61284D28200023B993 /* FruitsApp.swift */; };
		5E831E64284D28200023B993 /* ContentView.swift in Sources */ = {isa = PBXBuildFile; fileRef = 5E831E63284D28200023B993 /* ContentView.swift */; };
		5E831E66284D28210023B993 /* Assets.xcassets in Resources */ = {isa = PBXBuildFile; fileRef = 5E831E65284D28210023B993 /* Assets.xcassets */; };
		5E831E69284D28210023B993 /* Preview Assets.xcassets in Resources */ = {isa = PBXBuildFile; fileRef = 5E831E68284D28210023B993 /* Preview Assets.xcassets */; };
		5E831E72284D2C3A0023B993 /* FruitCardView.swift in Sources */ = {isa = PBXBuildFile; fileRef = 5E831E71284D2C3A0023B993 /* FruitCardView.swift */; };
		5E831E74284D30970023B993 /* StartButtonView.swift in Sources */ = {isa = PBXBuildFile; fileRef = 5E831E73284D30970023B993 /* StartButtonView.swift */; };
		5E831E76284D33330023B993 /* OnboardingView.swift in Sources */ = {isa = PBXBuildFile; fileRef = 5E831E75284D33330023B993 /* OnboardingView.swift */; };
		5E831E79284D34CE0023B993 /* FruitModel.swift in Sources */ = {isa = PBXBuildFile; fileRef = 5E831E78284D34CE0023B993 /* FruitModel.swift */; };
		5E831E7C284D35B50023B993 /* FruitData.swift in Sources */ = {isa = PBXBuildFile; fileRef = 5E831E7B284D35B50023B993 /* FruitData.swift */; };
		5E831E7E284D3E2A0023B993 /* FruitRowView.swift in Sources */ = {isa = PBXBuildFile; fileRef = 5E831E7D284D3E2A0023B993 /* FruitRowView.swift */; };
		5E831E80284E45680023B993 /* FruitDetailView.swift in Sources */ = {isa = PBXBuildFile; fileRef = 5E831E7F284E45680023B993 /* FruitDetailView.swift */; };
		5E831E82284E48940023B993 /* FruitHeaderView.swift in Sources */ = {isa = PBXBuildFile; fileRef = 5E831E81284E48940023B993 /* FruitHeaderView.swift */; };
		5E831E84284E4AC40023B993 /* SourceLinkView.swift in Sources */ = {isa = PBXBuildFile; fileRef = 5E831E83284E4AC40023B993 /* SourceLinkView.swift */; };
		5EE9EAEE284EB09100DB437B /* FruitNutrientsView.swift in Sources */ = {isa = PBXBuildFile; fileRef = 5EE9EAED284EB09100DB437B /* FruitNutrientsView.swift */; };
/* End PBXBuildFile section */

/* Begin PBXFileReference section */
		5E831E5E284D28200023B993 /* Fruits.app */ = {isa = PBXFileReference; explicitFileType = wrapper.application; includeInIndex = 0; path = Fruits.app; sourceTree = BUILT_PRODUCTS_DIR; };
		5E831E61284D28200023B993 /* FruitsApp.swift */ = {isa = PBXFileReference; lastKnownFileType = sourcecode.swift; path = FruitsApp.swift; sourceTree = "<group>"; };
		5E831E63284D28200023B993 /* ContentView.swift */ = {isa = PBXFileReference; lastKnownFileType = sourcecode.swift; path = ContentView.swift; sourceTree = "<group>"; };
		5E831E65284D28210023B993 /* Assets.xcassets */ = {isa = PBXFileReference; lastKnownFileType = folder.assetcatalog; path = Assets.xcassets; sourceTree = "<group>"; };
		5E831E68284D28210023B993 /* Preview Assets.xcassets */ = {isa = PBXFileReference; lastKnownFileType = folder.assetcatalog; path = "Preview Assets.xcassets"; sourceTree = "<group>"; };
		5E831E71284D2C3A0023B993 /* FruitCardView.swift */ = {isa = PBXFileReference; lastKnownFileType = sourcecode.swift; path = FruitCardView.swift; sourceTree = "<group>"; };
		5E831E73284D30970023B993 /* StartButtonView.swift */ = {isa = PBXFileReference; lastKnownFileType = sourcecode.swift; path = StartButtonView.swift; sourceTree = "<group>"; };
		5E831E75284D33330023B993 /* OnboardingView.swift */ = {isa = PBXFileReference; lastKnownFileType = sourcecode.swift; path = OnboardingView.swift; sourceTree = "<group>"; };
		5E831E78284D34CE0023B993 /* FruitModel.swift */ = {isa = PBXFileReference; lastKnownFileType = sourcecode.swift; path = FruitModel.swift; sourceTree = "<group>"; };
		5E831E7B284D35B50023B993 /* FruitData.swift */ = {isa = PBXFileReference; lastKnownFileType = sourcecode.swift; path = FruitData.swift; sourceTree = "<group>"; };
		5E831E7D284D3E2A0023B993 /* FruitRowView.swift */ = {isa = PBXFileReference; lastKnownFileType = sourcecode.swift; path = FruitRowView.swift; sourceTree = "<group>"; };
		5E831E7F284E45680023B993 /* FruitDetailView.swift */ = {isa = PBXFileReference; lastKnownFileType = sourcecode.swift; path = FruitDetailView.swift; sourceTree = "<group>"; };
		5E831E81284E48940023B993 /* FruitHeaderView.swift */ = {isa = PBXFileReference; lastKnownFileType = sourcecode.swift; path = FruitHeaderView.swift; sourceTree = "<group>"; };
		5E831E83284E4AC40023B993 /* SourceLinkView.swift */ = {isa = PBXFileReference; lastKnownFileType = sourcecode.swift; path = SourceLinkView.swift; sourceTree = "<group>"; };
		5EE9EAED284EB09100DB437B /* FruitNutrientsView.swift */ = {isa = PBXFileReference; lastKnownFileType = sourcecode.swift; path = FruitNutrientsView.swift; sourceTree = "<group>"; };
/* End PBXFileReference section */

/* Begin PBXFrameworksBuildPhase section */
		5E831E5B284D28200023B993 /* Frameworks */ = {
			isa = PBXFrameworksBuildPhase;
			buildActionMask = 2147483647;
			files = (
			);
			runOnlyForDeploymentPostprocessing = 0;
		};
/* End PBXFrameworksBuildPhase section */

/* Begin PBXGroup section */
		5E831E55284D28200023B993 = {
			isa = PBXGroup;
			children = (
				5E831E60284D28200023B993 /* Fruits */,
				5E831E5F284D28200023B993 /* Products */,
			);
			sourceTree = "<group>";
		};
		5E831E5F284D28200023B993 /* Products */ = {
			isa = PBXGroup;
			children = (
				5E831E5E284D28200023B993 /* Fruits.app */,
			);
			name = Products;
			sourceTree = "<group>";
		};
		5E831E60284D28200023B993 /* Fruits */ = {
			isa = PBXGroup;
			children = (
				5E831E7A284D35A00023B993 /*  Data */,
				5E831E77284D34B60023B993 /* Model */,
				5E831E70284D2C0A0023B993 /* View */,
				5E831E6F284D2BDF0023B993 /* App */,
				5E831E65284D28210023B993 /* Assets.xcassets */,
				5E831E67284D28210023B993 /* Preview Content */,
			);
			path = Fruits;
			sourceTree = "<group>";
		};
		5E831E67284D28210023B993 /* Preview Content */ = {
			isa = PBXGroup;
			children = (
				5E831E68284D28210023B993 /* Preview Assets.xcassets */,
			);
			path = "Preview Content";
			sourceTree = "<group>";
		};
		5E831E6F284D2BDF0023B993 /* App */ = {
			isa = PBXGroup;
			children = (
				5E831E61284D28200023B993 /* FruitsApp.swift */,
				5E831E63284D28200023B993 /* ContentView.swift */,
				5E831E75284D33330023B993 /* OnboardingView.swift */,
				5E831E7F284E45680023B993 /* FruitDetailView.swift */,
			);
			path = App;
			sourceTree = "<group>";
		};
		5E831E70284D2C0A0023B993 /* View */ = {
			isa = PBXGroup;
			children = (
				5E831E71284D2C3A0023B993 /* FruitCardView.swift */,
				5E831E73284D30970023B993 /* StartButtonView.swift */,
				5E831E7D284D3E2A0023B993 /* FruitRowView.swift */,
				5E831E81284E48940023B993 /* FruitHeaderView.swift */,
				5E831E83284E4AC40023B993 /* SourceLinkView.swift */,
				5EE9EAED284EB09100DB437B /* FruitNutrientsView.swift */,
			);
			path = View;
			sourceTree = "<group>";
		};
		5E831E77284D34B60023B993 /* Model */ = {
			isa = PBXGroup;
			children = (
				5E831E78284D34CE0023B993 /* FruitModel.swift */,
			);
			path = Model;
			sourceTree = "<group>";
		};
		5E831E7A284D35A00023B993 /*  Data */ = {
			isa = PBXGroup;
			children = (
				5E831E7B284D35B50023B993 /* FruitData.swift */,
			);
			path = " Data";
			sourceTree = "<group>";
		};
/* End PBXGroup section */

/* Begin PBXNativeTarget section */
		5E831E5D284D28200023B993 /* Fruits */ = {
			isa = PBXNativeTarget;
			buildConfigurationList = 5E831E6C284D28210023B993 /* Build configuration list for PBXNativeTarget "Fruits" */;
			buildPhases = (
				5E831E5A284D28200023B993 /* Sources */,
				5E831E5B284D28200023B993 /* Frameworks */,
				5E831E5C284D28200023B993 /* Resources */,
			);
			buildRules = (
			);
			dependencies = (
			);
			name = Fruits;
			productName = Fruits;
			productReference = 5E831E5E284D28200023B993 /* Fruits.app */;
			productType = "com.apple.product-type.application";
		};
/* End PBXNativeTarget section */

/* Begin PBXProject section */
		5E831E56284D28200023B993 /* Project object */ = {
			isa = PBXProject;
			attributes = {
				BuildIndependentTargetsInParallel = 1;
				LastSwiftUpdateCheck = 1340;
				LastUpgradeCheck = 1340;
				TargetAttributes = {
					5E831E5D284D28200023B993 = {
						CreatedOnToolsVersion = 13.4.1;
					};
				};
			};
			buildConfigurationList = 5E831E59284D28200023B993 /* Build configuration list for PBXProject "Fruits" */;
			compatibilityVersion = "Xcode 13.0";
			developmentRegion = en;
			hasScannedForEncodings = 0;
			knownRegions = (
				en,
				Base,
			);
			mainGroup = 5E831E55284D28200023B993;
			productRefGroup = 5E831E5F284D28200023B993 /* Products */;
			projectDirPath = "";
			projectRoot = "";
			targets = (
				5E831E5D284D28200023B993 /* Fruits */,
			);
		};
/* End PBXProject section */

/* Begin PBXResourcesBuildPhase section */
		5E831E5C284D28200023B993 /* Resources */ = {
			isa = PBXResourcesBuildPhase;
			buildActionMask = 2147483647;
			files = (
				5E831E69284D28210023B993 /* Preview Assets.xcassets in Resources */,
				5E831E66284D28210023B993 /* Assets.xcassets in Resources */,
			);
			runOnlyForDeploymentPostprocessing = 0;
		};
/* End PBXResourcesBuildPhase section */

/* Begin PBXSourcesBuildPhase section */
		5E831E5A284D28200023B993 /* Sources */ = {
			isa = PBXSourcesBuildPhase;
			buildActionMask = 2147483647;
			files = (
				5E831E7C284D35B50023B993 /* FruitData.swift in Sources */,
				5E831E84284E4AC40023B993 /* SourceLinkView.swift in Sources */,
				5E831E72284D2C3A0023B993 /* FruitCardView.swift in Sources */,
				5E831E7E284D3E2A0023B993 /* FruitRowView.swift in Sources */,
				5EE9EAEE284EB09100DB437B /* FruitNutrientsView.swift in Sources */,
				5E831E74284D30970023B993 /* StartButtonView.swift in Sources */,
				5E831E80284E45680023B993 /* FruitDetailView.swift in Sources */,
				5E831E64284D28200023B993 /* ContentView.swift in Sources */,
				5E831E82284E48940023B993 /* FruitHeaderView.swift in Sources */,
				5E831E76284D33330023B993 /* OnboardingView.swift in Sources */,
				5E831E79284D34CE0023B993 /* FruitModel.swift in Sources */,
				5E831E62284D28200023B993 /* FruitsApp.swift in Sources */,
			);
			runOnlyForDeploymentPostprocessing = 0;
		};
/* End PBXSourcesBuildPhase section */

/* Begin XCBuildConfiguration section */
		5E831E6A284D28210023B993 /* Debug */ = {
			isa = XCBuildConfiguration;
			buildSettings = {
				ALWAYS_SEARCH_USER_PATHS = NO;
				CLANG_ANALYZER_NONNULL = YES;
				CLANG_ANALYZER_NUMBER_OBJECT_CONVERSION = YES_AGGRESSIVE;
				CLANG_CXX_LANGUAGE_STANDARD = "gnu++17";
				CLANG_ENABLE_MODULES = YES;
				CLANG_ENABLE_OBJC_ARC = YES;
				CLANG_ENABLE_OBJC_WEAK = YES;
				CLANG_WARN_BLOCK_CAPTURE_AUTORELEASING = YES;
				CLANG_WARN_BOOL_CONVERSION = YES;
				CLANG_WARN_COMMA = YES;
				CLANG_WARN_CONSTANT_CONVERSION = YES;
				CLANG_WARN_DEPRECATED_OBJC_IMPLEMENTATIONS = YES;
				CLANG_WARN_DIRECT_OBJC_ISA_USAGE = YES_ERROR;
				CLANG_WARN_DOCUMENTATION_COMMENTS = YES;
				CLANG_WARN_EMPTY_BODY = YES;
				CLANG_WARN_ENUM_CONVERSION = YES;
				CLANG_WARN_INFINITE_RECURSION = YES;
				CLANG_WARN_INT_CONVERSION = YES;
				CLANG_WARN_NON_LITERAL_NULL_CONVERSION = YES;
				CLANG_WARN_OBJC_IMPLICIT_RETAIN_SELF = YES;
				CLANG_WARN_OBJC_LITERAL_CONVERSION = YES;
				CLANG_WARN_OBJC_ROOT_CLASS = YES_ERROR;
				CLANG_WARN_QUOTED_INCLUDE_IN_FRAMEWORK_HEADER = YES;
				CLANG_WARN_RANGE_LOOP_ANALYSIS = YES;
				CLANG_WARN_STRICT_PROTOTYPES = YES;
				CLANG_WARN_SUSPICIOUS_MOVE = YES;
				CLANG_WARN_UNGUARDED_AVAILABILITY = YES_AGGRESSIVE;
				CLANG_WARN_UNREACHABLE_CODE = YES;
				CLANG_WARN__DUPLICATE_METHOD_MATCH = YES;
				COPY_PHASE_STRIP = NO;
				DEBUG_INFORMATION_FORMAT = dwarf;
				ENABLE_STRICT_OBJC_MSGSEND = YES;
				ENABLE_TESTABILITY = YES;
				GCC_C_LANGUAGE_STANDARD = gnu11;
				GCC_DYNAMIC_NO_PIC = NO;
				GCC_NO_COMMON_BLOCKS = YES;
				GCC_OPTIMIZATION_LEVEL = 0;
				GCC_PREPROCESSOR_DEFINITIONS = (
					"DEBUG=1",
					"$(inherited)",
				);
				GCC_WARN_64_TO_32_BIT_CONVERSION = YES;
				GCC_WARN_ABOUT_RETURN_TYPE = YES_ERROR;
				GCC_WARN_UNDECLARED_SELECTOR = YES;
				GCC_WARN_UNINITIALIZED_AUTOS = YES_AGGRESSIVE;
				GCC_WARN_UNUSED_FUNCTION = YES;
				GCC_WARN_UNUSED_VARIABLE = YES;
				IPHONEOS_DEPLOYMENT_TARGET = 15.5;
				MTL_ENABLE_DEBUG_INFO = INCLUDE_SOURCE;
				MTL_FAST_MATH = YES;
				ONLY_ACTIVE_ARCH = YES;
				SDKROOT = iphoneos;
				SWIFT_ACTIVE_COMPILATION_CONDITIONS = DEBUG;
				SWIFT_OPTIMIZATION_LEVEL = "-Onone";
			};
			name = Debug;
		};
		5E831E6B284D28210023B993 /* Release */ = {
			isa = XCBuildConfiguration;
			buildSettings = {
				ALWAYS_SEARCH_USER_PATHS = NO;
				CLANG_ANALYZER_NONNULL = YES;
				CLANG_ANALYZER_NUMBER_OBJECT_CONVERSION = YES_AGGRESSIVE;
				CLANG_CXX_LANGUAGE_STANDARD = "gnu++17";
				CLANG_ENABLE_MODULES = YES;
				CLANG_ENABLE_OBJC_ARC = YES;
				CLANG_ENABLE_OBJC_WEAK = YES;
				CLANG_WARN_BLOCK_CAPTURE_AUTORELEASING = YES;
				CLANG_WARN_BOOL_CONVERSION = YES;
				CLANG_WARN_COMMA = YES;
				CLANG_WARN_CONSTANT_CONVERSION = YES;
				CLANG_WARN_DEPRECATED_OBJC_IMPLEMENTATIONS = YES;
				CLANG_WARN_DIRECT_OBJC_ISA_USAGE = YES_ERROR;
				CLANG_WARN_DOCUMENTATION_COMMENTS = YES;
				CLANG_WARN_EMPTY_BODY = YES;
				CLANG_WARN_ENUM_CONVERSION = YES;
				CLANG_WARN_INFINITE_RECURSION = YES;
				CLANG_WARN_INT_CONVERSION = YES;
				CLANG_WARN_NON_LITERAL_NULL_CONVERSION = YES;
				CLANG_WARN_OBJC_IMPLICIT_RETAIN_SELF = YES;
				CLANG_WARN_OBJC_LITERAL_CONVERSION = YES;
				CLANG_WARN_OBJC_ROOT_CLASS = YES_ERROR;
				CLANG_WARN_QUOTED_INCLUDE_IN_FRAMEWORK_HEADER = YES;
				CLANG_WARN_RANGE_LOOP_ANALYSIS = YES;
				CLANG_WARN_STRICT_PROTOTYPES = YES;
				CLANG_WARN_SUSPICIOUS_MOVE = YES;
				CLANG_WARN_UNGUARDED_AVAILABILITY = YES_AGGRESSIVE;
				CLANG_WARN_UNREACHABLE_CODE = YES;
				CLANG_WARN__DUPLICATE_METHOD_MATCH = YES;
				COPY_PHASE_STRIP = NO;
				DEBUG_INFORMATION_FORMAT = "dwarf-with-dsym";
				ENABLE_NS_ASSERTIONS = NO;
				ENABLE_STRICT_OBJC_MSGSEND = YES;
				GCC_C_LANGUAGE_STANDARD = gnu11;
				GCC_NO_COMMON_BLOCKS = YES;
				GCC_WARN_64_TO_32_BIT_CONVERSION = YES;
				GCC_WARN_ABOUT_RETURN_TYPE = YES_ERROR;
				GCC_WARN_UNDECLARED_SELECTOR = YES;
				GCC_WARN_UNINITIALIZED_AUTOS = YES_AGGRESSIVE;
				GCC_WARN_UNUSED_FUNCTION = YES;
				GCC_WARN_UNUSED_VARIABLE = YES;
				IPHONEOS_DEPLOYMENT_TARGET = 15.5;
				MTL_ENABLE_DEBUG_INFO = NO;
				MTL_FAST_MATH = YES;
				SDKROOT = iphoneos;
				SWIFT_COMPILATION_MODE = wholemodule;
				SWIFT_OPTIMIZATION_LEVEL = "-O";
				VALIDATE_PRODUCT = YES;
			};
			name = Release;
		};
		5E831E6D284D28210023B993 /* Debug */ = {
			isa = XCBuildConfiguration;
			buildSettings = {
				ASSETCATALOG_COMPILER_APPICON_NAME = AppIcon;
				ASSETCATALOG_COMPILER_GLOBAL_ACCENT_COLOR_NAME = AccentColor;
				CODE_SIGN_STYLE = Automatic;
				CURRENT_PROJECT_VERSION = 1;
				DEVELOPMENT_ASSET_PATHS = "\"Fruits/Preview Content\"";
				DEVELOPMENT_TEAM = D646ZE33ML;
				ENABLE_PREVIEWS = YES;
				GENERATE_INFOPLIST_FILE = YES;
				INFOPLIST_KEY_UIApplicationSceneManifest_Generation = YES;
				INFOPLIST_KEY_UIApplicationSupportsIndirectInputEvents = YES;
				INFOPLIST_KEY_UILaunchScreen_Generation = YES;
				INFOPLIST_KEY_UISupportedInterfaceOrientations = UIInterfaceOrientationPortrait;
				INFOPLIST_KEY_UISupportedInterfaceOrientations_iPad = "UIInterfaceOrientationPortrait UIInterfaceOrientationPortraitUpsideDown UIInterfaceOrientationLandscapeLeft UIInterfaceOrientationLandscapeRight";
				INFOPLIST_KEY_UISupportedInterfaceOrientations_iPhone = UIInterfaceOrientationPortrait;
				LD_RUNPATH_SEARCH_PATHS = (
					"$(inherited)",
					"@executable_path/Frameworks",
				);
				MARKETING_VERSION = 1.0;
				PRODUCT_BUNDLE_IDENTIFIER = ZachCervi.Fruits;
				PRODUCT_NAME = "$(TARGET_NAME)";
				SWIFT_EMIT_LOC_STRINGS = YES;
				SWIFT_VERSION = 5.0;
				TARGETED_DEVICE_FAMILY = "1,2";
			};
			name = Debug;
		};
		5E831E6E284D28210023B993 /* Release */ = {
			isa = XCBuildConfiguration;
			buildSettings = {
				ASSETCATALOG_COMPILER_APPICON_NAME = AppIcon;
				ASSETCATALOG_COMPILER_GLOBAL_ACCENT_COLOR_NAME = AccentColor;
				CODE_SIGN_STYLE = Automatic;
				CURRENT_PROJECT_VERSION = 1;
				DEVELOPMENT_ASSET_PATHS = "\"Fruits/Preview Content\"";
				DEVELOPMENT_TEAM = D646ZE33ML;
				ENABLE_PREVIEWS = YES;
				GENERATE_INFOPLIST_FILE = YES;
				INFOPLIST_KEY_UIApplicationSceneManifest_Generation = YES;
				INFOPLIST_KEY_UIApplicationSupportsIndirectInputEvents = YES;
				INFOPLIST_KEY_UILaunchScreen_Generation = YES;
				INFOPLIST_KEY_UISupportedInterfaceOrientations = UIInterfaceOrientationPortrait;
				INFOPLIST_KEY_UISupportedInterfaceOrientations_iPad = "UIInterfaceOrientationPortrait UIInterfaceOrientationPortraitUpsideDown UIInterfaceOrientationLandscapeLeft UIInterfaceOrientationLandscapeRight";
				INFOPLIST_KEY_UISupportedInterfaceOrientations_iPhone = UIInterfaceOrientationPortrait;
				LD_RUNPATH_SEARCH_PATHS = (
					"$(inherited)",
					"@executable_path/Frameworks",
				);
				MARKETING_VERSION = 1.0;
				PRODUCT_BUNDLE_IDENTIFIER = ZachCervi.Fruits;
				PRODUCT_NAME = "$(TARGET_NAME)";
				SWIFT_EMIT_LOC_STRINGS = YES;
				SWIFT_VERSION = 5.0;
				TARGETED_DEVICE_FAMILY = "1,2";
			};
			name = Release;
		};
/* End XCBuildConfiguration section */

/* Begin XCConfigurationList section */
		5E831E59284D28200023B993 /* Build configuration list for PBXProject "Fruits" */ = {
			isa = XCConfigurationList;
			buildConfigurations = (
				5E831E6A284D28210023B993 /* Debug */,
				5E831E6B284D28210023B993 /* Release */,
			);
			defaultConfigurationIsVisible = 0;
			defaultConfigurationName = Release;
		};
		5E831E6C284D28210023B993 /* Build configuration list for PBXNativeTarget "Fruits" */ = {
			isa = XCConfigurationList;
			buildConfigurations = (
				5E831E6D284D28210023B993 /* Debug */,
				5E831E6E284D28210023B993 /* Release */,
			);
			defaultConfigurationIsVisible = 0;
			defaultConfigurationName = Release;
		};
/* End XCConfigurationList section */
	};
	rootObject = 5E831E56284D28200023B993 /* Project object */;
}
